
Microsoft Visual Studio Solution File, Format Version 12.00
# Visual Studio 15
VisualStudioVersion = 15.0.27004.2008
MinimumVisualStudioVersion = 10.0.40219.1
Project("{FAE04EC0-301F-11D3-BF4B-00C04F79EFBC}") = "ActAI.Web", "ActAI.Web\ActAI.Web.csproj", "{9E27B7FE-DE5F-47EC-8A30-AF29731CFAC6}"
EndProject
Project("{FAE04EC0-301F-11D3-BF4B-00C04F79EFBC}") = "ActAI.Web.Tests", "ActAI.Web.Tests\ActAI.Web.Tests.csproj", "{560CE61A-F8D4-45F5-95AA-A9FEE1E96338}"
EndProject
Project("{FAE04EC0-301F-11D3-BF4B-00C04F79EFBC}") = "ActAI.DataRepository", "ActAI.DataRepository\ActAI.DataRepository.csproj", "{7956D35D-0537-45B8-8026-D859EE974BD0}"
EndProject
Project("{FAE04EC0-301F-11D3-BF4B-00C04F79EFBC}") = "ActAI.Models", "ActAI.Models\ActAI.Models.csproj", "{12CC4184-39EF-4EE8-87E0-6914ACC23221}"
EndProject
Global
	GlobalSection(SolutionConfigurationPlatforms) = preSolution
		Debug|Any CPU = Debug|Any CPU
		Release|Any CPU = Release|Any CPU
	EndGlobalSection
	GlobalSection(ProjectConfigurationPlatforms) = postSolution
		{9E27B7FE-DE5F-47EC-8A30-AF29731CFAC6}.Debug|Any CPU.ActiveCfg = Debug|Any CPU
		{9E27B7FE-DE5F-47EC-8A30-AF29731CFAC6}.Debug|Any CPU.Build.0 = Debug|Any CPU
		{9E27B7FE-DE5F-47EC-8A30-AF29731CFAC6}.Release|Any CPU.ActiveCfg = Release|Any CPU
		{9E27B7FE-DE5F-47EC-8A30-AF29731CFAC6}.Release|Any CPU.Build.0 = Release|Any CPU
		{560CE61A-F8D4-45F5-95AA-A9FEE1E96338}.Debug|Any CPU.ActiveCfg = Debug|Any CPU
		{560CE61A-F8D4-45F5-95AA-A9FEE1E96338}.Debug|Any CPU.Build.0 = Debug|Any CPU
		{560CE61A-F8D4-45F5-95AA-A9FEE1E96338}.Release|Any CPU.ActiveCfg = Release|Any CPU
		{560CE61A-F8D4-45F5-95AA-A9FEE1E96338}.Release|Any CPU.Build.0 = Release|Any CPU
		{7956D35D-0537-45B8-8026-D859EE974BD0}.Debug|Any CPU.ActiveCfg = Debug|Any CPU
		{7956D35D-0537-45B8-8026-D859EE974BD0}.Debug|Any CPU.Build.0 = Debug|Any CPU
		{7956D35D-0537-45B8-8026-D859EE974BD0}.Release|Any CPU.ActiveCfg = Release|Any CPU
		{7956D35D-0537-45B8-8026-D859EE974BD0}.Release|Any CPU.Build.0 = Release|Any CPU
		{12CC4184-39EF-4EE8-87E0-6914ACC23221}.Debug|Any CPU.ActiveCfg = Debug|Any CPU
		{12CC4184-39EF-4EE8-87E0-6914ACC23221}.Debug|Any CPU.Build.0 = Debug|Any CPU
		{12CC4184-39EF-4EE8-87E0-6914ACC23221}.Release|Any CPU.ActiveCfg = Release|Any CPU
		{12CC4184-39EF-4EE8-87E0-6914ACC23221}.Release|Any CPU.Build.0 = Release|Any CPU
	EndGlobalSection
	GlobalSection(SolutionProperties) = preSolution
		HideSolutionNode = FALSE
	EndGlobalSection
	GlobalSection(ExtensibilityGlobals) = postSolution
		SolutionGuid = {204CBB25-EA81-4115-B0A9-64FBBB275720}
	EndGlobalSection
EndGlobal
